annotated-doc==0.0.5
annotated-types==0.8.0
blis==0.7.11
catalogue==2.0.10
certifi==2026.7.22
charset-normalizer==3.5.1
click==8.5.0
cloudpathlib==0.25.0
cloudpickle==3.1.2
confection==0.1.5
cymem==2.0.13
defusedxml==0.7.1
en-core-web-lg @ https://github.com/explosion/spacy-models/releases/download/en_core_web_lg-3.7.1/en_core_web_lg-3.7.1-py3-none-any.whl#sha256=ab70aeb6172cde82508f7739f35ebc9918a3d07debeed637403c8f794ba3d3dc
ftfy==6.3.1
idna==3.19
Jinja2==3.1.6
joblib==1.6.0
langcodes==3.5.1
markdown-it-py==4.2.0
MarkupSafe==3.0.3
mdurl==0.1.2
murmurhash==1.0.15
nltk==3.10.3
numpy==1.26.4
packaging==26.3
pandas==3.0.5
pip==26.2.1
preshed==3.0.13
pydantic==2.13.5
pydantic_core==2.46.5
Pygments==2.21.0
pyphen==0.18.1
python-dateutil==2.9.0.post0
regex==2026.9.3
requests==2.34.2
rich==15.0.0
setuptools==84.0.0
shellingham==1.5.4
six==1.17.0
smart_open==7.7.1
spacy==3.7.5
spacy-legacy==3.0.12
spacy-loggers==1.0.5
spacy-lookups-data==1.0.5
srsly==2.5.3
textdescriptives==2.8.4
textstat==0.7.13
thinc==8.2.5
tqdm==4.70.0
typer==0.27.2
typer-slim==0.24.0
typing-inspection==0.4.4
typing_extensions==4.16.0
urllib3==2.7.0
wasabi==1.1.3
wcwidth==0.8.3
weasel==0.4.3
wrapt==2.4.0
